// !$*UTF8*$!
{
	archiveVersion = 1;
	classes = {
	};
	objectVersion = 56;
	objects = {

/* Begin PBXBuildFile section */
		910AAAFC2A676D9900F1ACA5 /* GustatiaApp.swift in Sources */ = {isa = PBXBuildFile; fileRef = 910AAAFB2A676D9900F1ACA5 /* GustatiaApp.swift */; };
		910AAB002A676D9A00F1ACA5 /* Assets.xcassets in Resources */ = {isa = PBXBuildFile; fileRef = 910AAAFF2A676D9A00F1ACA5 /* Assets.xcassets */; };
		910AAB032A676D9A00F1ACA5 /* Preview Assets.xcassets in Resources */ = {isa = PBXBuildFile; fileRef = 910AAB022A676D9A00F1ACA5 /* Preview Assets.xcassets */; };
		910AAB132A676D9B00F1ACA5 /* GustatiaTests.swift in Sources */ = {isa = PBXBuildFile; fileRef = 910AAB122A676D9B00F1ACA5 /* GustatiaTests.swift */; };
		910AAB1D2A676D9B00F1ACA5 /* GustatiaUITests.swift in Sources */ = {isa = PBXBuildFile; fileRef = 910AAB1C2A676D9B00F1ACA5 /* GustatiaUITests.swift */; };
		910AAB1F2A676D9B00F1ACA5 /* GustatiaUITestsLaunchTests.swift in Sources */ = {isa = PBXBuildFile; fileRef = 910AAB1E2A676D9B00F1ACA5 /* GustatiaUITestsLaunchTests.swift */; };
		911314E62A8F5A5E001DFF3F /* RecipeListView.swift in Sources */ = {isa = PBXBuildFile; fileRef = 911314E52A8F5A5E001DFF3F /* RecipeListView.swift */; };
		911408542AC5C78B00581D17 /* Recipe.swift in Sources */ = {isa = PBXBuildFile; fileRef = 911408532AC5C78B00581D17 /* Recipe.swift */; };
		9114085A2AC5CC4100581D17 /* Ingredient.swift in Sources */ = {isa = PBXBuildFile; fileRef = 911408592AC5CC4100581D17 /* Ingredient.swift */; };
		9114085C2AC5CC4A00581D17 /* Quantity.swift in Sources */ = {isa = PBXBuildFile; fileRef = 9114085B2AC5CC4A00581D17 /* Quantity.swift */; };
		91182A042AC71172006770DB /* PreviewContainer.swift in Sources */ = {isa = PBXBuildFile; fileRef = 91182A032AC71172006770DB /* PreviewContainer.swift */; };
		91182A062AC713E9006770DB /* PreviewGroup.swift in Sources */ = {isa = PBXBuildFile; fileRef = 91182A052AC713E9006770DB /* PreviewGroup.swift */; };
		91182A092AC97614006770DB /* TimeInterval+FormattedString.swift in Sources */ = {isa = PBXBuildFile; fileRef = 91182A082AC97614006770DB /* TimeInterval+FormattedString.swift */; };
		911B7B462ACF0713002BF3B9 /* EditRecipeNavigator.swift in Sources */ = {isa = PBXBuildFile; fileRef = 911B7B452ACF0713002BF3B9 /* EditRecipeNavigator.swift */; };
		911B7B482ACF082D002BF3B9 /* ViewRecipeNavigator.swift in Sources */ = {isa = PBXBuildFile; fileRef = 911B7B472ACF082D002BF3B9 /* ViewRecipeNavigator.swift */; };
		9144CF752ACB164F009D047E /* Instruction.swift in Sources */ = {isa = PBXBuildFile; fileRef = 9144CF742ACB164F009D047E /* Instruction.swift */; };
		9144CF792ACDB38A009D047E /* RecipeController.swift in Sources */ = {isa = PBXBuildFile; fileRef = 9144CF782ACDB38A009D047E /* RecipeController.swift */; };
		9144CF7C2ACDB8A6009D047E /* RecipeControllerEnvironmentKey.swift in Sources */ = {isa = PBXBuildFile; fileRef = 9144CF7B2ACDB8A6009D047E /* RecipeControllerEnvironmentKey.swift */; };
		9144CF7E2ACE9906009D047E /* IngredientEditView.swift in Sources */ = {isa = PBXBuildFile; fileRef = 9144CF7D2ACE9906009D047E /* IngredientEditView.swift */; };
		9144CF802ACEA168009D047E /* InstructionEditView.swift in Sources */ = {isa = PBXBuildFile; fileRef = 9144CF7F2ACEA168009D047E /* InstructionEditView.swift */; };
		914BE3CD2A8B9BAE00272188 /* RecipeListItem.swift in Sources */ = {isa = PBXBuildFile; fileRef = 914BE3CC2A8B9BAE00272188 /* RecipeListItem.swift */; };
		91D6A4732AAB0427004265B1 /* RecipeDetailView.swift in Sources */ = {isa = PBXBuildFile; fileRef = 91D6A4722AAB0427004265B1 /* RecipeDetailView.swift */; };
		91D6A4752AAB11BF004265B1 /* RecipeEditView.swift in Sources */ = {isa = PBXBuildFile; fileRef = 91D6A4742AAB11BF004265B1 /* RecipeEditView.swift */; };
		91D757222A68BF6F00E4FC5D /* staging.yml in Resources */ = {isa = PBXBuildFile; fileRef = 91D757202A68BF6F00E4FC5D /* staging.yml */; };
		91D757232A68BF6F00E4FC5D /* ci.yml in Resources */ = {isa = PBXBuildFile; fileRef = 91D757212A68BF6F00E4FC5D /* ci.yml */; };
		91D757272A698E8E00E4FC5D /* deploy.yml in Resources */ = {isa = PBXBuildFile; fileRef = 91D757262A698E8E00E4FC5D /* deploy.yml */; };
/* End PBXBuildFile section */

/* Begin PBXContainerItemProxy section */
		910AAB0F2A676D9B00F1ACA5 /* PBXContainerItemProxy */ = {
			isa = PBXContainerItemProxy;
			containerPortal = 910AAAF02A676D9900F1ACA5 /* Project object */;
			proxyType = 1;
			remoteGlobalIDString = 910AAAF72A676D9900F1ACA5;
			remoteInfo = Gustatia;
		};
		910AAB192A676D9B00F1ACA5 /* PBXContainerItemProxy */ = {
			isa = PBXContainerItemProxy;
			containerPortal = 910AAAF02A676D9900F1ACA5 /* Project object */;
			proxyType = 1;
			remoteGlobalIDString = 910AAAF72A676D9900F1ACA5;
			remoteInfo = Gustatia;
		};
/* End PBXContainerItemProxy section */

/* Begin PBXFileReference section */
		910AAAF82A676D9900F1ACA5 /* Gustatia.app */ = {isa = PBXFileReference; explicitFileType = wrapper.application; includeInIndex = 0; path = Gustatia.app; sourceTree = BUILT_PRODUCTS_DIR; };
		910AAAFB2A676D9900F1ACA5 /* GustatiaApp.swift */ = {isa = PBXFileReference; lastKnownFileType = sourcecode.swift; path = GustatiaApp.swift; sourceTree = "<group>"; };
		910AAAFF2A676D9A00F1ACA5 /* Assets.xcassets */ = {isa = PBXFileReference; lastKnownFileType = folder.assetcatalog; path = Assets.xcassets; sourceTree = "<group>"; };
		910AAB022A676D9A00F1ACA5 /* Preview Assets.xcassets */ = {isa = PBXFileReference; lastKnownFileType = folder.assetcatalog; path = "Preview Assets.xcassets"; sourceTree = "<group>"; };
		910AAB092A676D9A00F1ACA5 /* Info.plist */ = {isa = PBXFileReference; lastKnownFileType = text.plist.xml; path = Info.plist; sourceTree = "<group>"; };
		910AAB0E2A676D9B00F1ACA5 /* GustatiaTests.xctest */ = {isa = PBXFileReference; explicitFileType = wrapper.cfbundle; includeInIndex = 0; path = GustatiaTests.xctest; sourceTree = BUILT_PRODUCTS_DIR; };
		910AAB122A676D9B00F1ACA5 /* GustatiaTests.swift */ = {isa = PBXFileReference; lastKnownFileType = sourcecode.swift; path = GustatiaTests.swift; sourceTree = "<group>"; };
		910AAB182A676D9B00F1ACA5 /* GustatiaUITests.xctest */ = {isa = PBXFileReference; explicitFileType = wrapper.cfbundle; includeInIndex = 0; path = GustatiaUITests.xctest; sourceTree = BUILT_PRODUCTS_DIR; };
		910AAB1C2A676D9B00F1ACA5 /* GustatiaUITests.swift */ = {isa = PBXFileReference; lastKnownFileType = sourcecode.swift; path = GustatiaUITests.swift; sourceTree = "<group>"; };
		910AAB1E2A676D9B00F1ACA5 /* GustatiaUITestsLaunchTests.swift */ = {isa = PBXFileReference; lastKnownFileType = sourcecode.swift; path = GustatiaUITestsLaunchTests.swift; sourceTree = "<group>"; };
		910AB2922AD440B900408DF3 /* Gustatia.xctestplan */ = {isa = PBXFileReference; lastKnownFileType = text; path = Gustatia.xctestplan; sourceTree = "<group>"; };
		911314E52A8F5A5E001DFF3F /* RecipeListView.swift */ = {isa = PBXFileReference; lastKnownFileType = sourcecode.swift; path = RecipeListView.swift; sourceTree = "<group>"; };
		911408532AC5C78B00581D17 /* Recipe.swift */ = {isa = PBXFileReference; lastKnownFileType = sourcecode.swift; path = Recipe.swift; sourceTree = "<group>"; };
		911408592AC5CC4100581D17 /* Ingredient.swift */ = {isa = PBXFileReference; fileEncoding = 4; lastKnownFileType = sourcecode.swift; path = Ingredient.swift; sourceTree = "<group>"; };
		9114085B2AC5CC4A00581D17 /* Quantity.swift */ = {isa = PBXFileReference; fileEncoding = 4; lastKnownFileType = sourcecode.swift; path = Quantity.swift; sourceTree = "<group>"; };
		91182A032AC71172006770DB /* PreviewContainer.swift */ = {isa = PBXFileReference; lastKnownFileType = sourcecode.swift; path = PreviewContainer.swift; sourceTree = "<group>"; };
		91182A052AC713E9006770DB /* PreviewGroup.swift */ = {isa = PBXFileReference; lastKnownFileType = sourcecode.swift; path = PreviewGroup.swift; sourceTree = "<group>"; };
		91182A082AC97614006770DB /* TimeInterval+FormattedString.swift */ = {isa = PBXFileReference; lastKnownFileType = sourcecode.swift; path = "TimeInterval+FormattedString.swift"; sourceTree = "<group>"; };
		911B7B452ACF0713002BF3B9 /* EditRecipeNavigator.swift */ = {isa = PBXFileReference; lastKnownFileType = sourcecode.swift; path = EditRecipeNavigator.swift; sourceTree = "<group>"; };
		911B7B472ACF082D002BF3B9 /* ViewRecipeNavigator.swift */ = {isa = PBXFileReference; lastKnownFileType = sourcecode.swift; path = ViewRecipeNavigator.swift; sourceTree = "<group>"; };
		9144CF742ACB164F009D047E /* Instruction.swift */ = {isa = PBXFileReference; lastKnownFileType = sourcecode.swift; path = Instruction.swift; sourceTree = "<group>"; };
		9144CF782ACDB38A009D047E /* RecipeController.swift */ = {isa = PBXFileReference; lastKnownFileType = sourcecode.swift; path = RecipeController.swift; sourceTree = "<group>"; };
		9144CF7B2ACDB8A6009D047E /* RecipeControllerEnvironmentKey.swift */ = {isa = PBXFileReference; lastKnownFileType = sourcecode.swift; path = RecipeControllerEnvironmentKey.swift; sourceTree = "<group>"; };
		9144CF7D2ACE9906009D047E /* IngredientEditView.swift */ = {isa = PBXFileReference; lastKnownFileType = sourcecode.swift; path = IngredientEditView.swift; sourceTree = "<group>"; };
		9144CF7F2ACEA168009D047E /* InstructionEditView.swift */ = {isa = PBXFileReference; lastKnownFileType = sourcecode.swift; path = InstructionEditView.swift; sourceTree = "<group>"; };
		914BE3CC2A8B9BAE00272188 /* RecipeListItem.swift */ = {isa = PBXFileReference; lastKnownFileType = sourcecode.swift; path = RecipeListItem.swift; sourceTree = "<group>"; };
		91D6A4722AAB0427004265B1 /* RecipeDetailView.swift */ = {isa = PBXFileReference; lastKnownFileType = sourcecode.swift; path = RecipeDetailView.swift; sourceTree = "<group>"; };
		91D6A4742AAB11BF004265B1 /* RecipeEditView.swift */ = {isa = PBXFileReference; lastKnownFileType = sourcecode.swift; path = RecipeEditView.swift; sourceTree = "<group>"; };
		91D757202A68BF6F00E4FC5D /* staging.yml */ = {isa = PBXFileReference; fileEncoding = 4; lastKnownFileType = text.yaml; path = staging.yml; sourceTree = "<group>"; };
		91D757212A68BF6F00E4FC5D /* ci.yml */ = {isa = PBXFileReference; fileEncoding = 4; lastKnownFileType = text.yaml; path = ci.yml; sourceTree = "<group>"; };
		91D757262A698E8E00E4FC5D /* deploy.yml */ = {isa = PBXFileReference; fileEncoding = 4; lastKnownFileType = text.yaml; path = deploy.yml; sourceTree = "<group>"; };
/* End PBXFileReference section */

/* Begin PBXFrameworksBuildPhase section */
		910AAAF52A676D9900F1ACA5 /* Frameworks */ = {
			isa = PBXFrameworksBuildPhase;
			buildActionMask = 2147483647;
			files = (
			);
			runOnlyForDeploymentPostprocessing = 0;
		};
		910AAB0B2A676D9B00F1ACA5 /* Frameworks */ = {
			isa = PBXFrameworksBuildPhase;
			buildActionMask = 2147483647;
			files = (
			);
			runOnlyForDeploymentPostprocessing = 0;
		};
		910AAB152A676D9B00F1ACA5 /* Frameworks */ = {
			isa = PBXFrameworksBuildPhase;
			buildActionMask = 2147483647;
			files = (
			);
			runOnlyForDeploymentPostprocessing = 0;
		};
/* End PBXFrameworksBuildPhase section */

/* Begin PBXGroup section */
		910AAAEF2A676D9900F1ACA5 = {
			isa = PBXGroup;
			children = (
				910AB2922AD440B900408DF3 /* Gustatia.xctestplan */,
				91D7571F2A68BF6300E4FC5D /* pipelines */,
				910AAAFA2A676D9900F1ACA5 /* Gustatia */,
				910AAB112A676D9B00F1ACA5 /* GustatiaTests */,
				910AAB1B2A676D9B00F1ACA5 /* GustatiaUITests */,
				910AAAF92A676D9900F1ACA5 /* Products */,
			);
			sourceTree = "<group>";
		};
		910AAAF92A676D9900F1ACA5 /* Products */ = {
			isa = PBXGroup;
			children = (
				910AAAF82A676D9900F1ACA5 /* Gustatia.app */,
				910AAB0E2A676D9B00F1ACA5 /* GustatiaTests.xctest */,
				910AAB182A676D9B00F1ACA5 /* GustatiaUITests.xctest */,
			);
			name = Products;
			sourceTree = "<group>";
		};
		910AAAFA2A676D9900F1ACA5 /* Gustatia */ = {
			isa = PBXGroup;
			children = (
				910AAAFB2A676D9900F1ACA5 /* GustatiaApp.swift */,
				914BE3C82A8B996000272188 /* Controller */,
				914BE3C72A8B995900272188 /* View */,
				911408522AC5C6BE00581D17 /* Model */,
				910AAAFF2A676D9A00F1ACA5 /* Assets.xcassets */,
				910AAB092A676D9A00F1ACA5 /* Info.plist */,
				910AAB012A676D9A00F1ACA5 /* Preview Content */,
			);
			path = Gustatia;
			sourceTree = "<group>";
		};
		910AAB012A676D9A00F1ACA5 /* Preview Content */ = {
			isa = PBXGroup;
			children = (
				910AAB022A676D9A00F1ACA5 /* Preview Assets.xcassets */,
				91182A032AC71172006770DB /* PreviewContainer.swift */,
				91182A052AC713E9006770DB /* PreviewGroup.swift */,
			);
			path = "Preview Content";
			sourceTree = "<group>";
		};
		910AAB112A676D9B00F1ACA5 /* GustatiaTests */ = {
			isa = PBXGroup;
			children = (
				910AAB122A676D9B00F1ACA5 /* GustatiaTests.swift */,
			);
			path = GustatiaTests;
			sourceTree = "<group>";
		};
		910AAB1B2A676D9B00F1ACA5 /* GustatiaUITests */ = {
			isa = PBXGroup;
			children = (
				910AAB1C2A676D9B00F1ACA5 /* GustatiaUITests.swift */,
				910AAB1E2A676D9B00F1ACA5 /* GustatiaUITestsLaunchTests.swift */,
			);
			path = GustatiaUITests;
			sourceTree = "<group>";
		};
		911408522AC5C6BE00581D17 /* Model */ = {
			isa = PBXGroup;
			children = (
				911408532AC5C78B00581D17 /* Recipe.swift */,
				911408592AC5CC4100581D17 /* Ingredient.swift */,
				9114085B2AC5CC4A00581D17 /* Quantity.swift */,
				9144CF742ACB164F009D047E /* Instruction.swift */,
			);
			path = Model;
			sourceTree = "<group>";
		};
		91182A072AC975EB006770DB /* Extensions */ = {
			isa = PBXGroup;
			children = (
				91182A082AC97614006770DB /* TimeInterval+FormattedString.swift */,
			);
			path = Extensions;
			sourceTree = "<group>";
		};
		911B7B442ACF06BA002BF3B9 /* Navigation */ = {
			isa = PBXGroup;
			children = (
				911B7B452ACF0713002BF3B9 /* EditRecipeNavigator.swift */,
				911B7B472ACF082D002BF3B9 /* ViewRecipeNavigator.swift */,
			);
			path = Navigation;
			sourceTree = "<group>";
		};
		9144CF7A2ACDB88C009D047E /* EnvironmentKeys */ = {
			isa = PBXGroup;
			children = (
				9144CF7B2ACDB8A6009D047E /* RecipeControllerEnvironmentKey.swift */,
			);
			path = EnvironmentKeys;
			sourceTree = "<group>";
		};
		914BE3C72A8B995900272188 /* View */ = {
			isa = PBXGroup;
			children = (
				911B7B442ACF06BA002BF3B9 /* Navigation */,
				914BE3CC2A8B9BAE00272188 /* RecipeListItem.swift */,
				911314E52A8F5A5E001DFF3F /* RecipeListView.swift */,
				91D6A4722AAB0427004265B1 /* RecipeDetailView.swift */,
				91D6A4742AAB11BF004265B1 /* RecipeEditView.swift */,
				9144CF7D2ACE9906009D047E /* IngredientEditView.swift */,
				9144CF7F2ACEA168009D047E /* InstructionEditView.swift */,
			);
			path = View;
			sourceTree = "<group>";
		};
		914BE3C82A8B996000272188 /* Controller */ = {
			isa = PBXGroup;
			children = (
				9144CF7A2ACDB88C009D047E /* EnvironmentKeys */,
				91182A072AC975EB006770DB /* Extensions */,
				9144CF782ACDB38A009D047E /* RecipeController.swift */,
			);
			path = Controller;
			sourceTree = "<group>";
		};
		91D7571F2A68BF6300E4FC5D /* pipelines */ = {
			isa = PBXGroup;
			children = (
				91D757262A698E8E00E4FC5D /* deploy.yml */,
				91D757212A68BF6F00E4FC5D /* ci.yml */,
				91D757202A68BF6F00E4FC5D /* staging.yml */,
			);
			name = pipelines;
			sourceTree = "<group>";
		};
/* End PBXGroup section */

/* Begin PBXNativeTarget section */
		910AAAF72A676D9900F1ACA5 /* Gustatia */ = {
			isa = PBXNativeTarget;
			buildConfigurationList = 910AAB222A676D9B00F1ACA5 /* Build configuration list for PBXNativeTarget "Gustatia" */;
			buildPhases = (
				910AAAF42A676D9900F1ACA5 /* Sources */,
				910AAAF52A676D9900F1ACA5 /* Frameworks */,
				910AAAF62A676D9900F1ACA5 /* Resources */,
			);
			buildRules = (
			);
			dependencies = (
			);
			name = Gustatia;
			productName = Gustatia;
			productReference = 910AAAF82A676D9900F1ACA5 /* Gustatia.app */;
			productType = "com.apple.product-type.application";
		};
		910AAB0D2A676D9B00F1ACA5 /* GustatiaTests */ = {
			isa = PBXNativeTarget;
			buildConfigurationList = 910AAB252A676D9B00F1ACA5 /* Build configuration list for PBXNativeTarget "GustatiaTests" */;
			buildPhases = (
				910AAB0A2A676D9B00F1ACA5 /* Sources */,
				910AAB0B2A676D9B00F1ACA5 /* Frameworks */,
				910AAB0C2A676D9B00F1ACA5 /* Resources */,
			);
			buildRules = (
			);
			dependencies = (
				910AAB102A676D9B00F1ACA5 /* PBXTargetDependency */,
			);
			name = GustatiaTests;
			productName = GustatiaTests;
			productReference = 910AAB0E2A676D9B00F1ACA5 /* GustatiaTests.xctest */;
			productType = "com.apple.product-type.bundle.unit-test";
		};
		910AAB172A676D9B00F1ACA5 /* GustatiaUITests */ = {
			isa = PBXNativeTarget;
			buildConfigurationList = 910AAB282A676D9B00F1ACA5 /* Build configuration list for PBXNativeTarget "GustatiaUITests" */;
			buildPhases = (
				910AAB142A676D9B00F1ACA5 /* Sources */,
				910AAB152A676D9B00F1ACA5 /* Frameworks */,
				910AAB162A676D9B00F1ACA5 /* Resources */,
			);
			buildRules = (
			);
			dependencies = (
				910AAB1A2A676D9B00F1ACA5 /* PBXTargetDependency */,
			);
			name = GustatiaUITests;
			productName = GustatiaUITests;
			productReference = 910AAB182A676D9B00F1ACA5 /* GustatiaUITests.xctest */;
			productType = "com.apple.product-type.bundle.ui-testing";
		};
/* End PBXNativeTarget section */

/* Begin PBXProject section */
		910AAAF02A676D9900F1ACA5 /* Project object */ = {
			isa = PBXProject;
			attributes = {
				BuildIndependentTargetsInParallel = 1;
				LastSwiftUpdateCheck = 1430;
				LastUpgradeCheck = 1500;
				TargetAttributes = {
					910AAAF72A676D9900F1ACA5 = {
						CreatedOnToolsVersion = 14.3.1;
					};
					910AAB0D2A676D9B00F1ACA5 = {
						CreatedOnToolsVersion = 14.3.1;
						TestTargetID = 910AAAF72A676D9900F1ACA5;
					};
					910AAB172A676D9B00F1ACA5 = {
						CreatedOnToolsVersion = 14.3.1;
						TestTargetID = 910AAAF72A676D9900F1ACA5;
					};
				};
			};
			buildConfigurationList = 910AAAF32A676D9900F1ACA5 /* Build configuration list for PBXProject "Gustatia" */;
			compatibilityVersion = "Xcode 14.0";
			developmentRegion = en;
			hasScannedForEncodings = 0;
			knownRegions = (
				en,
				Base,
			);
			mainGroup = 910AAAEF2A676D9900F1ACA5;
			productRefGroup = 910AAAF92A676D9900F1ACA5 /* Products */;
			projectDirPath = "";
			projectRoot = "";
			targets = (
				910AAAF72A676D9900F1ACA5 /* Gustatia */,
				910AAB0D2A676D9B00F1ACA5 /* GustatiaTests */,
				910AAB172A676D9B00F1ACA5 /* GustatiaUITests */,
			);
		};
/* End PBXProject section */

/* Begin PBXResourcesBuildPhase section */
		910AAAF62A676D9900F1ACA5 /* Resources */ = {
			isa = PBXResourcesBuildPhase;
			buildActionMask = 2147483647;
			files = (
				91D757232A68BF6F00E4FC5D /* ci.yml in Resources */,
				91D757222A68BF6F00E4FC5D /* staging.yml in Resources */,
				910AAB032A676D9A00F1ACA5 /* Preview Assets.xcassets in Resources */,
				910AAB002A676D9A00F1ACA5 /* Assets.xcassets in Resources */,
				91D757272A698E8E00E4FC5D /* deploy.yml in Resources */,
			);
			runOnlyForDeploymentPostprocessing = 0;
		};
		910AAB0C2A676D9B00F1ACA5 /* Resources */ = {
			isa = PBXResourcesBuildPhase;
			buildActionMask = 2147483647;
			files = (
			);
			runOnlyForDeploymentPostprocessing = 0;
		};
		910AAB162A676D9B00F1ACA5 /* Resources */ = {
			isa = PBXResourcesBuildPhase;
			buildActionMask = 2147483647;
			files = (
			);
			runOnlyForDeploymentPostprocessing = 0;
		};
/* End PBXResourcesBuildPhase section */

/* Begin PBXSourcesBuildPhase section */
		910AAAF42A676D9900F1ACA5 /* Sources */ = {
			isa = PBXSourcesBuildPhase;
			buildActionMask = 2147483647;
			files = (
				91182A042AC71172006770DB /* PreviewContainer.swift in Sources */,
				9114085C2AC5CC4A00581D17 /* Quantity.swift in Sources */,
				91D6A4752AAB11BF004265B1 /* RecipeEditView.swift in Sources */,
				91182A092AC97614006770DB /* TimeInterval+FormattedString.swift in Sources */,
				91D6A4732AAB0427004265B1 /* RecipeDetailView.swift in Sources */,
				9144CF802ACEA168009D047E /* InstructionEditView.swift in Sources */,
				91182A062AC713E9006770DB /* PreviewGroup.swift in Sources */,
				9144CF7C2ACDB8A6009D047E /* RecipeControllerEnvironmentKey.swift in Sources */,
				911B7B482ACF082D002BF3B9 /* ViewRecipeNavigator.swift in Sources */,
				9144CF752ACB164F009D047E /* Instruction.swift in Sources */,
				9114085A2AC5CC4100581D17 /* Ingredient.swift in Sources */,
				9144CF792ACDB38A009D047E /* RecipeController.swift in Sources */,
				911314E62A8F5A5E001DFF3F /* RecipeListView.swift in Sources */,
				911408542AC5C78B00581D17 /* Recipe.swift in Sources */,
				9144CF7E2ACE9906009D047E /* IngredientEditView.swift in Sources */,
				914BE3CD2A8B9BAE00272188 /* RecipeListItem.swift in Sources */,
				910AAAFC2A676D9900F1ACA5 /* GustatiaApp.swift in Sources */,
				911B7B462ACF0713002BF3B9 /* EditRecipeNavigator.swift in Sources */,
			);
			runOnlyForDeploymentPostprocessing = 0;
		};
		910AAB0A2A676D9B00F1ACA5 /* Sources */ = {
			isa = PBXSourcesBuildPhase;
			buildActionMask = 2147483647;
			files = (
				910AAB132A676D9B00F1ACA5 /* GustatiaTests.swift in Sources */,
			);
			runOnlyForDeploymentPostprocessing = 0;
		};
		910AAB142A676D9B00F1ACA5 /* Sources */ = {
			isa = PBXSourcesBuildPhase;
			buildActionMask = 2147483647;
			files = (
				910AAB1F2A676D9B00F1ACA5 /* GustatiaUITestsLaunchTests.swift in Sources */,
				910AAB1D2A676D9B00F1ACA5 /* GustatiaUITests.swift in Sources */,
			);
			runOnlyForDeploymentPostprocessing = 0;
		};
/* End PBXSourcesBuildPhase section */

/* Begin PBXTargetDependency section */
		910AAB102A676D9B00F1ACA5 /* PBXTargetDependency */ = {
			isa = PBXTargetDependency;
			target = 910AAAF72A676D9900F1ACA5 /* Gustatia */;
			targetProxy = 910AAB0F2A676D9B00F1ACA5 /* PBXContainerItemProxy */;
		};
		910AAB1A2A676D9B00F1ACA5 /* PBXTargetDependency */ = {
			isa = PBXTargetDependency;
			target = 910AAAF72A676D9900F1ACA5 /* Gustatia */;
			targetProxy = 910AAB192A676D9B00F1ACA5 /* PBXContainerItemProxy */;
		};
/* End PBXTargetDependency section */

/* Begin XCBuildConfiguration section */
		910AAB202A676D9B00F1ACA5 /* Debug */ = {
			isa = XCBuildConfiguration;
			buildSettings = {
				ALWAYS_SEARCH_USER_PATHS = NO;
				ASSETCATALOG_COMPILER_GENERATE_SWIFT_ASSET_SYMBOL_EXTENSIONS = YES;
				CLANG_ANALYZER_NONNULL = YES;
				CLANG_ANALYZER_NUMBER_OBJECT_CONVERSION = YES_AGGRESSIVE;
				CLANG_CXX_LANGUAGE_STANDARD = "gnu++20";
				CLANG_ENABLE_MODULES = YES;
				CLANG_ENABLE_OBJC_ARC = YES;
				CLANG_ENABLE_OBJC_WEAK = YES;
				CLANG_WARN_BLOCK_CAPTURE_AUTORELEASING = YES;
				CLANG_WARN_BOOL_CONVERSION = YES;
				CLANG_WARN_COMMA = YES;
				CLANG_WARN_CONSTANT_CONVERSION = YES;
				CLANG_WARN_DEPRECATED_OBJC_IMPLEMENTATIONS = YES;
				CLANG_WARN_DIRECT_OBJC_ISA_USAGE = YES_ERROR;
				CLANG_WARN_DOCUMENTATION_COMMENTS = YES;
				CLANG_WARN_EMPTY_BODY = YES;
				CLANG_WARN_ENUM_CONVERSION = YES;
				CLANG_WARN_INFINITE_RECURSION = YES;
				CLANG_WARN_INT_CONVERSION = YES;
				CLANG_WARN_NON_LITERAL_NULL_CONVERSION = YES;
				CLANG_WARN_OBJC_IMPLICIT_RETAIN_SELF = YES;
				CLANG_WARN_OBJC_LITERAL_CONVERSION = YES;
				CLANG_WARN_OBJC_ROOT_CLASS = YES_ERROR;
				CLANG_WARN_QUOTED_INCLUDE_IN_FRAMEWORK_HEADER = YES;
				CLANG_WARN_RANGE_LOOP_ANALYSIS = YES;
				CLANG_WARN_STRICT_PROTOTYPES = YES;
				CLANG_WARN_SUSPICIOUS_MOVE = YES;
				CLANG_WARN_UNGUARDED_AVAILABILITY = YES_AGGRESSIVE;
				CLANG_WARN_UNREACHABLE_CODE = YES;
				CLANG_WARN__DUPLICATE_METHOD_MATCH = YES;
				COPY_PHASE_STRIP = NO;
				DEBUG_INFORMATION_FORMAT = dwarf;
				ENABLE_STRICT_OBJC_MSGSEND = YES;
				ENABLE_TESTABILITY = YES;
				ENABLE_USER_SCRIPT_SANDBOXING = YES;
				GCC_C_LANGUAGE_STANDARD = gnu11;
				GCC_DYNAMIC_NO_PIC = NO;
				GCC_NO_COMMON_BLOCKS = YES;
				GCC_OPTIMIZATION_LEVEL = 0;
				GCC_PREPROCESSOR_DEFINITIONS = (
					"DEBUG=1",
					"$(inherited)",
				);
				GCC_WARN_64_TO_32_BIT_CONVERSION = YES;
				GCC_WARN_ABOUT_RETURN_TYPE = YES_ERROR;
				GCC_WARN_UNDECLARED_SELECTOR = YES;
				GCC_WARN_UNINITIALIZED_AUTOS = YES_AGGRESSIVE;
				GCC_WARN_UNUSED_FUNCTION = YES;
				GCC_WARN_UNUSED_VARIABLE = YES;
				IPHONEOS_DEPLOYMENT_TARGET = 17.0;
				MTL_ENABLE_DEBUG_INFO = INCLUDE_SOURCE;
				MTL_FAST_MATH = YES;
				ONLY_ACTIVE_ARCH = YES;
				SDKROOT = iphoneos;
				SWIFT_ACTIVE_COMPILATION_CONDITIONS = DEBUG;
				SWIFT_OPTIMIZATION_LEVEL = "-Onone";
			};
			name = Debug;
		};
		910AAB212A676D9B00F1ACA5 /* Release */ = {
			isa = XCBuildConfiguration;
			buildSettings = {
				ALWAYS_SEARCH_USER_PATHS = NO;
				ASSETCATALOG_COMPILER_GENERATE_SWIFT_ASSET_SYMBOL_EXTENSIONS = YES;
				CLANG_ANALYZER_NONNULL = YES;
				CLANG_ANALYZER_NUMBER_OBJECT_CONVERSION = YES_AGGRESSIVE;
				CLANG_CXX_LANGUAGE_STANDARD = "gnu++20";
				CLANG_ENABLE_MODULES = YES;
				CLANG_ENABLE_OBJC_ARC = YES;
				CLANG_ENABLE_OBJC_WEAK = YES;
				CLANG_WARN_BLOCK_CAPTURE_AUTORELEASING = YES;
				CLANG_WARN_BOOL_CONVERSION = YES;
				CLANG_WARN_COMMA = YES;
				CLANG_WARN_CONSTANT_CONVERSION = YES;
				CLANG_WARN_DEPRECATED_OBJC_IMPLEMENTATIONS = YES;
				CLANG_WARN_DIRECT_OBJC_ISA_USAGE = YES_ERROR;
				CLANG_WARN_DOCUMENTATION_COMMENTS = YES;
				CLANG_WARN_EMPTY_BODY = YES;
				CLANG_WARN_ENUM_CONVERSION = YES;
				CLANG_WARN_INFINITE_RECURSION = YES;
				CLANG_WARN_INT_CONVERSION = YES;
				CLANG_WARN_NON_LITERAL_NULL_CONVERSION = YES;
				CLANG_WARN_OBJC_IMPLICIT_RETAIN_SELF = YES;
				CLANG_WARN_OBJC_LITERAL_CONVERSION = YES;
				CLANG_WARN_OBJC_ROOT_CLASS = YES_ERROR;
				CLANG_WARN_QUOTED_INCLUDE_IN_FRAMEWORK_HEADER = YES;
				CLANG_WARN_RANGE_LOOP_ANALYSIS = YES;
				CLANG_WARN_STRICT_PROTOTYPES = YES;
				CLANG_WARN_SUSPICIOUS_MOVE = YES;
				CLANG_WARN_UNGUARDED_AVAILABILITY = YES_AGGRESSIVE;
				CLANG_WARN_UNREACHABLE_CODE = YES;
				CLANG_WARN__DUPLICATE_METHOD_MATCH = YES;
				COPY_PHASE_STRIP = NO;
				DEBUG_INFORMATION_FORMAT = "dwarf-with-dsym";
				ENABLE_NS_ASSERTIONS = NO;
				ENABLE_STRICT_OBJC_MSGSEND = YES;
				ENABLE_USER_SCRIPT_SANDBOXING = YES;
				GCC_C_LANGUAGE_STANDARD = gnu11;
				GCC_NO_COMMON_BLOCKS = YES;
				GCC_WARN_64_TO_32_BIT_CONVERSION = YES;
				GCC_WARN_ABOUT_RETURN_TYPE = YES_ERROR;
				GCC_WARN_UNDECLARED_SELECTOR = YES;
				GCC_WARN_UNINITIALIZED_AUTOS = YES_AGGRESSIVE;
				GCC_WARN_UNUSED_FUNCTION = YES;
				GCC_WARN_UNUSED_VARIABLE = YES;
				IPHONEOS_DEPLOYMENT_TARGET = 17.0;
				MTL_ENABLE_DEBUG_INFO = NO;
				MTL_FAST_MATH = YES;
				SDKROOT = iphoneos;
				SWIFT_COMPILATION_MODE = wholemodule;
				SWIFT_OPTIMIZATION_LEVEL = "-O";
				VALIDATE_PRODUCT = YES;
			};
			name = Release;
		};
		910AAB232A676D9B00F1ACA5 /* Debug */ = {
			isa = XCBuildConfiguration;
			buildSettings = {
				ASSETCATALOG_COMPILER_APPICON_NAME = AppIcon;
				ASSETCATALOG_COMPILER_GLOBAL_ACCENT_COLOR_NAME = AccentColor;
				CODE_SIGN_STYLE = Automatic;
				CURRENT_PROJECT_VERSION = 0;
				DEVELOPMENT_ASSET_PATHS = "\"Gustatia/Preview Content\"";
				DEVELOPMENT_TEAM = 86D3H9WLQ9;
				ENABLE_PREVIEWS = YES;
				GENERATE_INFOPLIST_FILE = YES;
				INFOPLIST_KEY_CFBundleDisplayName = Gustatia;
				INFOPLIST_KEY_LSApplicationCategoryType = "public.app-category.utilities";
				INFOPLIST_KEY_UIApplicationSceneManifest_Generation = YES;
				INFOPLIST_KEY_UIApplicationSupportsIndirectInputEvents = YES;
				INFOPLIST_KEY_UILaunchScreen_Generation = YES;
				INFOPLIST_KEY_UISupportedInterfaceOrientations_iPad = "UIInterfaceOrientationPortrait UIInterfaceOrientationPortraitUpsideDown UIInterfaceOrientationLandscapeLeft UIInterfaceOrientationLandscapeRight";
				INFOPLIST_KEY_UISupportedInterfaceOrientations_iPhone = "UIInterfaceOrientationPortrait UIInterfaceOrientationLandscapeLeft UIInterfaceOrientationLandscapeRight";
				IPHONEOS_DEPLOYMENT_TARGET = 17.0;
				LD_RUNPATH_SEARCH_PATHS = (
					"$(inherited)",
					"@executable_path/Frameworks",
				);
				MARKETING_VERSION = 0.1;
				PRODUCT_BUNDLE_IDENTIFIER = com.dalvarado.Gustatia;
				PRODUCT_NAME = "$(TARGET_NAME)";
				SWIFT_EMIT_LOC_STRINGS = YES;
				SWIFT_VERSION = 5.0;
				TARGETED_DEVICE_FAMILY = "1,2";
			};
			name = Debug;
		};
		910AAB242A676D9B00F1ACA5 /* Release */ = {
			isa = XCBuildConfiguration;
			buildSettings = {
				ASSETCATALOG_COMPILER_APPICON_NAME = AppIcon;
				ASSETCATALOG_COMPILER_GLOBAL_ACCENT_COLOR_NAME = AccentColor;
				CODE_SIGN_STYLE = Automatic;
				CURRENT_PROJECT_VERSION = 0;
				DEVELOPMENT_ASSET_PATHS = "\"Gustatia/Preview Content\"";
				DEVELOPMENT_TEAM = 86D3H9WLQ9;
				ENABLE_PREVIEWS = YES;
				GENERATE_INFOPLIST_FILE = YES;
				INFOPLIST_KEY_CFBundleDisplayName = Gustatia;
				INFOPLIST_KEY_LSApplicationCategoryType = "public.app-category.utilities";
				INFOPLIST_KEY_UIApplicationSceneManifest_Generation = YES;
				INFOPLIST_KEY_UIApplicationSupportsIndirectInputEvents = YES;
				INFOPLIST_KEY_UILaunchScreen_Generation = YES;
				INFOPLIST_KEY_UISupportedInterfaceOrientations_iPad = "UIInterfaceOrientationPortrait UIInterfaceOrientationPortraitUpsideDown UIInterfaceOrientationLandscapeLeft UIInterfaceOrientationLandscapeRight";
				INFOPLIST_KEY_UISupportedInterfaceOrientations_iPhone = "UIInterfaceOrientationPortrait UIInterfaceOrientationLandscapeLeft UIInterfaceOrientationLandscapeRight";
				IPHONEOS_DEPLOYMENT_TARGET = 17.0;
				LD_RUNPATH_SEARCH_PATHS = (
					"$(inherited)",
					"@executable_path/Frameworks",
				);
				MARKETING_VERSION = 0.1;
				PRODUCT_BUNDLE_IDENTIFIER = com.dalvarado.Gustatia;
				PRODUCT_NAME = "$(TARGET_NAME)";
				SWIFT_EMIT_LOC_STRINGS = YES;
				SWIFT_VERSION = 5.0;
				TARGETED_DEVICE_FAMILY = "1,2";
			};
			name = Release;
		};
		910AAB262A676D9B00F1ACA5 /* Debug */ = {
			isa = XCBuildConfiguration;
			buildSettings = {
				ALWAYS_EMBED_SWIFT_STANDARD_LIBRARIES = YES;
				BUNDLE_LOADER = "$(TEST_HOST)";
				CODE_SIGN_STYLE = Automatic;
				CURRENT_PROJECT_VERSION = 1;
				DEVELOPMENT_TEAM = 86D3H9WLQ9;
				GENERATE_INFOPLIST_FILE = YES;
				IPHONEOS_DEPLOYMENT_TARGET = 17.0;
				MARKETING_VERSION = 1.0;
				PRODUCT_BUNDLE_IDENTIFIER = com.dalvarado.GustatiaTests;
				PRODUCT_NAME = "$(TARGET_NAME)";
				SWIFT_EMIT_LOC_STRINGS = NO;
				SWIFT_VERSION = 5.0;
				TARGETED_DEVICE_FAMILY = "1,2";
				TEST_HOST = "$(BUILT_PRODUCTS_DIR)/Gustatia.app/$(BUNDLE_EXECUTABLE_FOLDER_PATH)/Gustatia";
			};
			name = Debug;
		};
		910AAB272A676D9B00F1ACA5 /* Release */ = {
			isa = XCBuildConfiguration;
			buildSettings = {
				ALWAYS_EMBED_SWIFT_STANDARD_LIBRARIES = YES;
				BUNDLE_LOADER = "$(TEST_HOST)";
				CODE_SIGN_STYLE = Automatic;
				CURRENT_PROJECT_VERSION = 1;
				DEVELOPMENT_TEAM = 86D3H9WLQ9;
				GENERATE_INFOPLIST_FILE = YES;
				IPHONEOS_DEPLOYMENT_TARGET = 17.0;
				MARKETING_VERSION = 1.0;
				PRODUCT_BUNDLE_IDENTIFIER = com.dalvarado.GustatiaTests;
				PRODUCT_NAME = "$(TARGET_NAME)";
				SWIFT_EMIT_LOC_STRINGS = NO;
				SWIFT_VERSION = 5.0;
				TARGETED_DEVICE_FAMILY = "1,2";
				TEST_HOST = "$(BUILT_PRODUCTS_DIR)/Gustatia.app/$(BUNDLE_EXECUTABLE_FOLDER_PATH)/Gustatia";
			};
			name = Release;
		};
		910AAB292A676D9B00F1ACA5 /* Debug */ = {
			isa = XCBuildConfiguration;
			buildSettings = {
				ALWAYS_EMBED_SWIFT_STANDARD_LIBRARIES = YES;
				CODE_SIGN_STYLE = Automatic;
				CURRENT_PROJECT_VERSION = 1;
				DEVELOPMENT_TEAM = 86D3H9WLQ9;
				GENERATE_INFOPLIST_FILE = YES;
				IPHONEOS_DEPLOYMENT_TARGET = 17.0;
				MARKETING_VERSION = 1.0;
				PRODUCT_BUNDLE_IDENTIFIER = com.dalvarado.GustatiaUITests;
				PRODUCT_NAME = "$(TARGET_NAME)";
				SWIFT_EMIT_LOC_STRINGS = NO;
				SWIFT_VERSION = 5.0;
				TARGETED_DEVICE_FAMILY = "1,2";
				TEST_TARGET_NAME = Gustatia;
			};
			name = Debug;
		};
		910AAB2A2A676D9B00F1ACA5 /* Release */ = {
			isa = XCBuildConfiguration;
			buildSettings = {
				ALWAYS_EMBED_SWIFT_STANDARD_LIBRARIES = YES;
				CODE_SIGN_STYLE = Automatic;
				CURRENT_PROJECT_VERSION = 1;
				DEVELOPMENT_TEAM = 86D3H9WLQ9;
				GENERATE_INFOPLIST_FILE = YES;
				IPHONEOS_DEPLOYMENT_TARGET = 17.0;
				MARKETING_VERSION = 1.0;
				PRODUCT_BUNDLE_IDENTIFIER = com.dalvarado.GustatiaUITests;
				PRODUCT_NAME = "$(TARGET_NAME)";
				SWIFT_EMIT_LOC_STRINGS = NO;
				SWIFT_VERSION = 5.0;
				TARGETED_DEVICE_FAMILY = "1,2";
				TEST_TARGET_NAME = Gustatia;
			};
			name = Release;
		};
/* End XCBuildConfiguration section */

/* Begin XCConfigurationList section */
		910AAAF32A676D9900F1ACA5 /* Build configuration list for PBXProject "Gustatia" */ = {
			isa = XCConfigurationList;
			buildConfigurations = (
				910AAB202A676D9B00F1ACA5 /* Debug */,
				910AAB212A676D9B00F1ACA5 /* Release */,
			);
			defaultConfigurationIsVisible = 0;
			defaultConfigurationName = Release;
		};
		910AAB222A676D9B00F1ACA5 /* Build configuration list for PBXNativeTarget "Gustatia" */ = {
			isa = XCConfigurationList;
			buildConfigurations = (
				910AAB232A676D9B00F1ACA5 /* Debug */,
				910AAB242A676D9B00F1ACA5 /* Release */,
			);
			defaultConfigurationIsVisible = 0;
			defaultConfigurationName = Release;
		};
		910AAB252A676D9B00F1ACA5 /* Build configuration list for PBXNativeTarget "GustatiaTests" */ = {
			isa = XCConfigurationList;
			buildConfigurations = (
				910AAB262A676D9B00F1ACA5 /* Debug */,
				910AAB272A676D9B00F1ACA5 /* Release */,
			);
			defaultConfigurationIsVisible = 0;
			defaultConfigurationName = Release;
		};
		910AAB282A676D9B00F1ACA5 /* Build configuration list for PBXNativeTarget "GustatiaUITests" */ = {
			isa = XCConfigurationList;
			buildConfigurations = (
				910AAB292A676D9B00F1ACA5 /* Debug */,
				910AAB2A2A676D9B00F1ACA5 /* Release */,
			);
			defaultConfigurationIsVisible = 0;
			defaultConfigurationName = Release;
		};
/* End XCConfigurationList section */
	};
	rootObject = 910AAAF02A676D9900F1ACA5 /* Project object */;
}
